
Microsoft Visual Studio Solution File, Format Version 12.00
# Visual Studio Version 16
VisualStudioVersion = 16.0.29306.81
MinimumVisualStudioVersion = 10.0.40219.1
Project("{FAE04EC0-301F-11D3-BF4B-00C04F79EFBC}") = "Weekend Task 20191005", "Weekend Task 20191005\Weekend Task 20191005.csproj", "{77D02D7C-242B-44A8-BAC5-4887C2CC7456}"
EndProject
Global
	GlobalSection(SolutionConfigurationPlatforms) = preSolution
		Debug|Any CPU = Debug|Any CPU
		Release|Any CPU = Release|Any CPU
	EndGlobalSection
	GlobalSection(ProjectConfigurationPlatforms) = postSolution
		{77D02D7C-242B-44A8-BAC5-4887C2CC7456}.Debug|Any CPU.ActiveCfg = Debug|Any CPU
		{77D02D7C-242B-44A8-BAC5-4887C2CC7456}.Debug|Any CPU.Build.0 = Debug|Any CPU
		{77D02D7C-242B-44A8-BAC5-4887C2CC7456}.Release|Any CPU.ActiveCfg = Release|Any CPU
		{77D02D7C-242B-44A8-BAC5-4887C2CC7456}.Release|Any CPU.Build.0 = Release|Any CPU
	EndGlobalSection
	GlobalSection(SolutionProperties) = preSolution
		HideSolutionNode = FALSE
	EndGlobalSection
	GlobalSection(ExtensibilityGlobals) = postSolution
		SolutionGuid = {2F9688E7-63F3-4463-9D3E-9747CFE9767A}
	EndGlobalSection
EndGlobal
